
Microsoft Visual Studio Solution File, Format Version 12.00
# Visual Studio Version 17
VisualStudioVersion = 17.0.32126.317
MinimumVisualStudioVersion = 10.0.40219.1
Project("{FAE04EC0-301F-11D3-BF4B-00C04F79EFBC}") = "TRPO_lab2", "TRPO_lab2\TRPO_lab2.csproj", "{A62E9D5C-CCC2-4616-B0F0-10C1539D083A}"
EndProject
Global
	GlobalSection(SolutionConfigurationPlatforms) = preSolution
		Debug|Any CPU = Debug|Any CPU
		Release|Any CPU = Release|Any CPU
	EndGlobalSection
	GlobalSection(ProjectConfigurationPlatforms) = postSolution
		{A62E9D5C-CCC2-4616-B0F0-10C1539D083A}.Debug|Any CPU.ActiveCfg = Debug|Any CPU
		{A62E9D5C-CCC2-4616-B0F0-10C1539D083A}.Debug|Any CPU.Build.0 = Debug|Any CPU
		{A62E9D5C-CCC2-4616-B0F0-10C1539D083A}.Release|Any CPU.ActiveCfg = Release|Any CPU
		{A62E9D5C-CCC2-4616-B0F0-10C1539D083A}.Release|Any CPU.Build.0 = Release|Any CPU
	EndGlobalSection
	GlobalSection(SolutionProperties) = preSolution
		HideSolutionNode = FALSE
	EndGlobalSection
	GlobalSection(ExtensibilityGlobals) = postSolution
		SolutionGuid = {ADD66EAF-8C22-45E7-BDF7-74E9BA23DE45}
	EndGlobalSection
EndGlobal
